// !$*UTF8*$!
{
	archiveVersion = 1;
	classes = {
	};
	objectVersion = 55;
	objects = {

/* Begin PBXBuildFile section */
		7ED59DD52F28902D577BB4AD /* Pods_flutterTestApp.framework in Frameworks */ = {isa = PBXBuildFile; fileRef = 2386C817394E096A7C0CE7EE /* Pods_flutterTestApp.framework */; };
		8C3CA429283CC518004EF716 /* KSFlutterChannelHandler.swift in Sources */ = {isa = PBXBuildFile; fileRef = 8C3CA428283CC518004EF716 /* KSFlutterChannelHandler.swift */; };
		8C3CA42B283CC635004EF716 /* KSFlutterMethod.swift in Sources */ = {isa = PBXBuildFile; fileRef = 8C3CA42A283CC635004EF716 /* KSFlutterMethod.swift */; };
		8C487A36283DE34A00BC96BC /* KSFlutterMessageName.swift in Sources */ = {isa = PBXBuildFile; fileRef = 8C487A35283DE34A00BC96BC /* KSFlutterMessageName.swift */; };
		8C487A38283DE45300BC96BC /* KSFlutterPageRouteName.swift in Sources */ = {isa = PBXBuildFile; fileRef = 8C487A37283DE45300BC96BC /* KSFlutterPageRouteName.swift */; };
		8C487A3A283DE6AA00BC96BC /* KSFlutterManager.swift in Sources */ = {isa = PBXBuildFile; fileRef = 8C487A39283DE6AA00BC96BC /* KSFlutterManager.swift */; };
		8C588752284068B100A06DB1 /* BoostDelegate.swift in Sources */ = {isa = PBXBuildFile; fileRef = 8C588751284068B100A06DB1 /* BoostDelegate.swift */; };
		8C884B63283F322100C90B4E /* APPRoutes.swift in Sources */ = {isa = PBXBuildFile; fileRef = 8C884B62283F322100C90B4E /* APPRoutes.swift */; };
		8C884B65283F374500C90B4E /* KSFlutterContainerViewController.swift in Sources */ = {isa = PBXBuildFile; fileRef = 8C884B64283F374500C90B4E /* KSFlutterContainerViewController.swift */; };
		8C8FD5BA283B7D0000593A15 /* AppDelegate.swift in Sources */ = {isa = PBXBuildFile; fileRef = 8C8FD5B9283B7D0000593A15 /* AppDelegate.swift */; };
		8C8FD5BC283B7D0000593A15 /* SceneDelegate.swift in Sources */ = {isa = PBXBuildFile; fileRef = 8C8FD5BB283B7D0000593A15 /* SceneDelegate.swift */; };
		8C8FD5BE283B7D0000593A15 /* ViewController.swift in Sources */ = {isa = PBXBuildFile; fileRef = 8C8FD5BD283B7D0000593A15 /* ViewController.swift */; };
		8C8FD5C1283B7D0000593A15 /* Main.storyboard in Resources */ = {isa = PBXBuildFile; fileRef = 8C8FD5BF283B7D0000593A15 /* Main.storyboard */; };
		8C8FD5C3283B7D0400593A15 /* Assets.xcassets in Resources */ = {isa = PBXBuildFile; fileRef = 8C8FD5C2283B7D0400593A15 /* Assets.xcassets */; };
		8C8FD5C6283B7D0400593A15 /* LaunchScreen.storyboard in Resources */ = {isa = PBXBuildFile; fileRef = 8C8FD5C4283B7D0400593A15 /* LaunchScreen.storyboard */; };
/* End PBXBuildFile section */

/* Begin PBXFileReference section */
		2386C817394E096A7C0CE7EE /* Pods_flutterTestApp.framework */ = {isa = PBXFileReference; explicitFileType = wrapper.framework; includeInIndex = 0; path = Pods_flutterTestApp.framework; sourceTree = BUILT_PRODUCTS_DIR; };
		8C3CA428283CC518004EF716 /* KSFlutterChannelHandler.swift */ = {isa = PBXFileReference; lastKnownFileType = sourcecode.swift; path = KSFlutterChannelHandler.swift; sourceTree = "<group>"; };
		8C3CA42A283CC635004EF716 /* KSFlutterMethod.swift */ = {isa = PBXFileReference; lastKnownFileType = sourcecode.swift; path = KSFlutterMethod.swift; sourceTree = "<group>"; };
		8C487A35283DE34A00BC96BC /* KSFlutterMessageName.swift */ = {isa = PBXFileReference; lastKnownFileType = sourcecode.swift; path = KSFlutterMessageName.swift; sourceTree = "<group>"; };
		8C487A37283DE45300BC96BC /* KSFlutterPageRouteName.swift */ = {isa = PBXFileReference; lastKnownFileType = sourcecode.swift; path = KSFlutterPageRouteName.swift; sourceTree = "<group>"; };
		8C487A39283DE6AA00BC96BC /* KSFlutterManager.swift */ = {isa = PBXFileReference; lastKnownFileType = sourcecode.swift; path = KSFlutterManager.swift; sourceTree = "<group>"; };
		8C588751284068B100A06DB1 /* BoostDelegate.swift */ = {isa = PBXFileReference; lastKnownFileType = sourcecode.swift; path = BoostDelegate.swift; sourceTree = "<group>"; };
		8C884B62283F322100C90B4E /* APPRoutes.swift */ = {isa = PBXFileReference; lastKnownFileType = sourcecode.swift; path = APPRoutes.swift; sourceTree = "<group>"; };
		8C884B64283F374500C90B4E /* KSFlutterContainerViewController.swift */ = {isa = PBXFileReference; lastKnownFileType = sourcecode.swift; path = KSFlutterContainerViewController.swift; sourceTree = "<group>"; };
		8C8FD5B6283B7D0000593A15 /* flutterTestApp.app */ = {isa = PBXFileReference; explicitFileType = wrapper.application; includeInIndex = 0; path = flutterTestApp.app; sourceTree = BUILT_PRODUCTS_DIR; };
		8C8FD5B9283B7D0000593A15 /* AppDelegate.swift */ = {isa = PBXFileReference; lastKnownFileType = sourcecode.swift; path = AppDelegate.swift; sourceTree = "<group>"; };
		8C8FD5BB283B7D0000593A15 /* SceneDelegate.swift */ = {isa = PBXFileReference; lastKnownFileType = sourcecode.swift; path = SceneDelegate.swift; sourceTree = "<group>"; };
		8C8FD5BD283B7D0000593A15 /* ViewController.swift */ = {isa = PBXFileReference; lastKnownFileType = sourcecode.swift; path = ViewController.swift; sourceTree = "<group>"; };
		8C8FD5C0283B7D0000593A15 /* Base */ = {isa = PBXFileReference; lastKnownFileType = file.storyboard; name = Base; path = Base.lproj/Main.storyboard; sourceTree = "<group>"; };
		8C8FD5C2283B7D0400593A15 /* Assets.xcassets */ = {isa = PBXFileReference; lastKnownFileType = folder.assetcatalog; path = Assets.xcassets; sourceTree = "<group>"; };
		8C8FD5C5283B7D0400593A15 /* Base */ = {isa = PBXFileReference; lastKnownFileType = file.storyboard; name = Base; path = Base.lproj/LaunchScreen.storyboard; sourceTree = "<group>"; };
		8C8FD5C7283B7D0400593A15 /* Info.plist */ = {isa = PBXFileReference; lastKnownFileType = text.plist.xml; path = Info.plist; sourceTree = "<group>"; };
		D1359A12F8B5829019126CA0 /* Pods-flutterTestApp.release.xcconfig */ = {isa = PBXFileReference; includeInIndex = 1; lastKnownFileType = text.xcconfig; name = "Pods-flutterTestApp.release.xcconfig"; path = "Target Support Files/Pods-flutterTestApp/Pods-flutterTestApp.release.xcconfig"; sourceTree = "<group>"; };
		E480C2510308678615311B01 /* Pods-flutterTestApp.debug.xcconfig */ = {isa = PBXFileReference; includeInIndex = 1; lastKnownFileType = text.xcconfig; name = "Pods-flutterTestApp.debug.xcconfig"; path = "Target Support Files/Pods-flutterTestApp/Pods-flutterTestApp.debug.xcconfig"; sourceTree = "<group>"; };
/* End PBXFileReference section */

/* Begin PBXFrameworksBuildPhase section */
		8C8FD5B3283B7D0000593A15 /* Frameworks */ = {
			isa = PBXFrameworksBuildPhase;
			buildActionMask = 2147483647;
			files = (
				7ED59DD52F28902D577BB4AD /* Pods_flutterTestApp.framework in Frameworks */,
			);
			runOnlyForDeploymentPostprocessing = 0;
		};
/* End PBXFrameworksBuildPhase section */

/* Begin PBXGroup section */
		1F6A747111F6B5DF48AE264A /* Pods */ = {
			isa = PBXGroup;
			children = (
				E480C2510308678615311B01 /* Pods-flutterTestApp.debug.xcconfig */,
				D1359A12F8B5829019126CA0 /* Pods-flutterTestApp.release.xcconfig */,
			);
			path = Pods;
			sourceTree = "<group>";
		};
		64EB04ED036359EA1ECDCC4B /* Frameworks */ = {
			isa = PBXGroup;
			children = (
				2386C817394E096A7C0CE7EE /* Pods_flutterTestApp.framework */,
			);
			name = Frameworks;
			sourceTree = "<group>";
		};
		8C3CA427283CC4F3004EF716 /* Flutter */ = {
			isa = PBXGroup;
			children = (
				8C3CA428283CC518004EF716 /* KSFlutterChannelHandler.swift */,
				8C3CA42A283CC635004EF716 /* KSFlutterMethod.swift */,
				8C487A35283DE34A00BC96BC /* KSFlutterMessageName.swift */,
				8C487A37283DE45300BC96BC /* KSFlutterPageRouteName.swift */,
				8C487A39283DE6AA00BC96BC /* KSFlutterManager.swift */,
				8C884B64283F374500C90B4E /* KSFlutterContainerViewController.swift */,
				8C588751284068B100A06DB1 /* BoostDelegate.swift */,
			);
			path = Flutter;
			sourceTree = "<group>";
		};
		8C884B61283F320C00C90B4E /* AppRoute */ = {
			isa = PBXGroup;
			children = (
				8C884B62283F322100C90B4E /* APPRoutes.swift */,
			);
			path = AppRoute;
			sourceTree = "<group>";
		};
		8C8FD5AD283B7D0000593A15 = {
			isa = PBXGroup;
			children = (
				8C8FD5B8283B7D0000593A15 /* flutterTestApp */,
				8C8FD5B7283B7D0000593A15 /* Products */,
				1F6A747111F6B5DF48AE264A /* Pods */,
				64EB04ED036359EA1ECDCC4B /* Frameworks */,
			);
			sourceTree = "<group>";
		};
		8C8FD5B7283B7D0000593A15 /* Products */ = {
			isa = PBXGroup;
			children = (
				8C8FD5B6283B7D0000593A15 /* flutterTestApp.app */,
			);
			name = Products;
			sourceTree = "<group>";
		};
		8C8FD5B8283B7D0000593A15 /* flutterTestApp */ = {
			isa = PBXGroup;
			children = (
				8C8FD5B9283B7D0000593A15 /* AppDelegate.swift */,
				8C8FD5BB283B7D0000593A15 /* SceneDelegate.swift */,
				8C8FD5BD283B7D0000593A15 /* ViewController.swift */,
				8C884B61283F320C00C90B4E /* AppRoute */,
				8C3CA427283CC4F3004EF716 /* Flutter */,
				8C8FD5BF283B7D0000593A15 /* Main.storyboard */,
				8C8FD5C2283B7D0400593A15 /* Assets.xcassets */,
				8C8FD5C4283B7D0400593A15 /* LaunchScreen.storyboard */,
				8C8FD5C7283B7D0400593A15 /* Info.plist */,
			);
			path = flutterTestApp;
			sourceTree = "<group>";
		};
/* End PBXGroup section */

/* Begin PBXNativeTarget section */
		8C8FD5B5283B7D0000593A15 /* flutterTestApp */ = {
			isa = PBXNativeTarget;
			buildConfigurationList = 8C8FD5CA283B7D0400593A15 /* Build configuration list for PBXNativeTarget "flutterTestApp" */;
			buildPhases = (
				C3FD13E902AC9D14E99F35BA /* [CP] Check Pods Manifest.lock */,
				1365425954AD8C28ADFA3C14 /* [CP-User] Run Flutter Build zeek_flutter_module Script */,
				8C8FD5B2283B7D0000593A15 /* Sources */,
				8C8FD5B3283B7D0000593A15 /* Frameworks */,
				8C8FD5B4283B7D0000593A15 /* Resources */,
				26BB468282F6913DBBF13B57 /* [CP] Embed Pods Frameworks */,
			);
			buildRules = (
			);
			dependencies = (
			);
			name = flutterTestApp;
			productName = flutterTestApp;
			productReference = 8C8FD5B6283B7D0000593A15 /* flutterTestApp.app */;
			productType = "com.apple.product-type.application";
		};
/* End PBXNativeTarget section */

/* Begin PBXProject section */
		8C8FD5AE283B7D0000593A15 /* Project object */ = {
			isa = PBXProject;
			attributes = {
				BuildIndependentTargetsInParallel = 1;
				LastSwiftUpdateCheck = 1320;
				LastUpgradeCheck = 1320;
				TargetAttributes = {
					8C8FD5B5283B7D0000593A15 = {
						CreatedOnToolsVersion = 13.2.1;
					};
				};
			};
			buildConfigurationList = 8C8FD5B1283B7D0000593A15 /* Build configuration list for PBXProject "flutterTestApp" */;
			compatibilityVersion = "Xcode 13.0";
			developmentRegion = en;
			hasScannedForEncodings = 0;
			knownRegions = (
				en,
				Base,
			);
			mainGroup = 8C8FD5AD283B7D0000593A15;
			productRefGroup = 8C8FD5B7283B7D0000593A15 /* Products */;
			projectDirPath = "";
			projectRoot = "";
			targets = (
				8C8FD5B5283B7D0000593A15 /* flutterTestApp */,
			);
		};
/* End PBXProject section */

/* Begin PBXResourcesBuildPhase section */
		8C8FD5B4283B7D0000593A15 /* Resources */ = {
			isa = PBXResourcesBuildPhase;
			buildActionMask = 2147483647;
			files = (
				8C8FD5C6283B7D0400593A15 /* LaunchScreen.storyboard in Resources */,
				8C8FD5C3283B7D0400593A15 /* Assets.xcassets in Resources */,
				8C8FD5C1283B7D0000593A15 /* Main.storyboard in Resources */,
			);
			runOnlyForDeploymentPostprocessing = 0;
		};
/* End PBXResourcesBuildPhase section */

/* Begin PBXShellScriptBuildPhase section */
		1365425954AD8C28ADFA3C14 /* [CP-User] Run Flutter Build zeek_flutter_module Script */ = {
			isa = PBXShellScriptBuildPhase;
			buildActionMask = 2147483647;
			files = (
			);
			name = "[CP-User] Run Flutter Build zeek_flutter_module Script";
			runOnlyForDeploymentPostprocessing = 0;
			shellPath = /bin/sh;
			shellScript = "set -e\nset -u\nsource \"${SRCROOT}/../zeek_flutter_module/.ios/Flutter/flutter_export_environment.sh\"\nexport VERBOSE_SCRIPT_LOGGING=1 && \"$FLUTTER_ROOT\"/packages/flutter_tools/bin/xcode_backend.sh build";
		};
		26BB468282F6913DBBF13B57 /* [CP] Embed Pods Frameworks */ = {
			isa = PBXShellScriptBuildPhase;
			buildActionMask = 2147483647;
			files = (
			);
			inputFileListPaths = (
				"${PODS_ROOT}/Target Support Files/Pods-flutterTestApp/Pods-flutterTestApp-frameworks-${CONFIGURATION}-input-files.xcfilelist",
			);
			name = "[CP] Embed Pods Frameworks";
			outputFileListPaths = (
				"${PODS_ROOT}/Target Support Files/Pods-flutterTestApp/Pods-flutterTestApp-frameworks-${CONFIGURATION}-output-files.xcfilelist",
			);
			runOnlyForDeploymentPostprocessing = 0;
			shellPath = /bin/sh;
			shellScript = "\"${PODS_ROOT}/Target Support Files/Pods-flutterTestApp/Pods-flutterTestApp-frameworks.sh\"\n";
			showEnvVarsInLog = 0;
		};
		C3FD13E902AC9D14E99F35BA /* [CP] Check Pods Manifest.lock */ = {
			isa = PBXShellScriptBuildPhase;
			buildActionMask = 2147483647;
			files = (
			);
			inputFileListPaths = (
			);
			inputPaths = (
				"${PODS_PODFILE_DIR_PATH}/Podfile.lock",
				"${PODS_ROOT}/Manifest.lock",
			);
			name = "[CP] Check Pods Manifest.lock";
			outputFileListPaths = (
			);
			outputPaths = (
				"$(DERIVED_FILE_DIR)/Pods-flutterTestApp-checkManifestLockResult.txt",
			);
			runOnlyForDeploymentPostprocessing = 0;
			shellPath = /bin/sh;
			shellScript = "diff \"${PODS_PODFILE_DIR_PATH}/Podfile.lock\" \"${PODS_ROOT}/Manifest.lock\" > /dev/null\nif [ $? != 0 ] ; then\n    # print error to STDERR\n    echo \"error: The sandbox is not in sync with the Podfile.lock. Run 'pod install' or update your CocoaPods installation.\" >&2\n    exit 1\nfi\n# This output is used by Xcode 'outputs' to avoid re-running this script phase.\necho \"SUCCESS\" > \"${SCRIPT_OUTPUT_FILE_0}\"\n";
			showEnvVarsInLog = 0;
		};
/* End PBXShellScriptBuildPhase section */

/* Begin PBXSourcesBuildPhase section */
		8C8FD5B2283B7D0000593A15 /* Sources */ = {
			isa = PBXSourcesBuildPhase;
			buildActionMask = 2147483647;
			files = (
				8C487A3A283DE6AA00BC96BC /* KSFlutterManager.swift in Sources */,
				8C8FD5BE283B7D0000593A15 /* ViewController.swift in Sources */,
				8C8FD5BA283B7D0000593A15 /* AppDelegate.swift in Sources */,
				8C884B65283F374500C90B4E /* KSFlutterContainerViewController.swift in Sources */,
				8C8FD5BC283B7D0000593A15 /* SceneDelegate.swift in Sources */,
				8C884B63283F322100C90B4E /* APPRoutes.swift in Sources */,
				8C3CA42B283CC635004EF716 /* KSFlutterMethod.swift in Sources */,
				8C487A38283DE45300BC96BC /* KSFlutterPageRouteName.swift in Sources */,
				8C3CA429283CC518004EF716 /* KSFlutterChannelHandler.swift in Sources */,
				8C487A36283DE34A00BC96BC /* KSFlutterMessageName.swift in Sources */,
				8C588752284068B100A06DB1 /* BoostDelegate.swift in Sources */,
			);
			runOnlyForDeploymentPostprocessing = 0;
		};
/* End PBXSourcesBuildPhase section */

/* Begin PBXVariantGroup section */
		8C8FD5BF283B7D0000593A15 /* Main.storyboard */ = {
			isa = PBXVariantGroup;
			children = (
				8C8FD5C0283B7D0000593A15 /* Base */,
			);
			name = Main.storyboard;
			sourceTree = "<group>";
		};
		8C8FD5C4283B7D0400593A15 /* LaunchScreen.storyboard */ = {
			isa = PBXVariantGroup;
			children = (
				8C8FD5C5283B7D0400593A15 /* Base */,
			);
			name = LaunchScreen.storyboard;
			sourceTree = "<group>";
		};
/* End PBXVariantGroup section */

/* Begin XCBuildConfiguration section */
		8C8FD5C8283B7D0400593A15 /* Debug */ = {
			isa = XCBuildConfiguration;
			buildSettings = {
				ALWAYS_SEARCH_USER_PATHS = NO;
				CLANG_ANALYZER_NONNULL = YES;
				CLANG_ANALYZER_NUMBER_OBJECT_CONVERSION = YES_AGGRESSIVE;
				CLANG_CXX_LANGUAGE_STANDARD = "gnu++17";
				CLANG_CXX_LIBRARY = "libc++";
				CLANG_ENABLE_MODULES = YES;
				CLANG_ENABLE_OBJC_ARC = YES;
				CLANG_ENABLE_OBJC_WEAK = YES;
				CLANG_WARN_BLOCK_CAPTURE_AUTORELEASING = YES;
				CLANG_WARN_BOOL_CONVERSION = YES;
				CLANG_WARN_COMMA = YES;
				CLANG_WARN_CONSTANT_CONVERSION = YES;
				CLANG_WARN_DEPRECATED_OBJC_IMPLEMENTATIONS = YES;
				CLANG_WARN_DIRECT_OBJC_ISA_USAGE = YES_ERROR;
				CLANG_WARN_DOCUMENTATION_COMMENTS = YES;
				CLANG_WARN_EMPTY_BODY = YES;
				CLANG_WARN_ENUM_CONVERSION = YES;
				CLANG_WARN_INFINITE_RECURSION = YES;
				CLANG_WARN_INT_CONVERSION = YES;
				CLANG_WARN_NON_LITERAL_NULL_CONVERSION = YES;
				CLANG_WARN_OBJC_IMPLICIT_RETAIN_SELF = YES;
				CLANG_WARN_OBJC_LITERAL_CONVERSION = YES;
				CLANG_WARN_OBJC_ROOT_CLASS = YES_ERROR;
				CLANG_WARN_QUOTED_INCLUDE_IN_FRAMEWORK_HEADER = YES;
				CLANG_WARN_RANGE_LOOP_ANALYSIS = YES;
				CLANG_WARN_STRICT_PROTOTYPES = YES;
				CLANG_WARN_SUSPICIOUS_MOVE = YES;
				CLANG_WARN_UNGUARDED_AVAILABILITY = YES_AGGRESSIVE;
				CLANG_WARN_UNREACHABLE_CODE = YES;
				CLANG_WARN__DUPLICATE_METHOD_MATCH = YES;
				COPY_PHASE_STRIP = NO;
				DEBUG_INFORMATION_FORMAT = dwarf;
				ENABLE_STRICT_OBJC_MSGSEND = YES;
				ENABLE_TESTABILITY = YES;
				GCC_C_LANGUAGE_STANDARD = gnu11;
				GCC_DYNAMIC_NO_PIC = NO;
				GCC_NO_COMMON_BLOCKS = YES;
				GCC_OPTIMIZATION_LEVEL = 0;
				GCC_PREPROCESSOR_DEFINITIONS = (
					"DEBUG=1",
					"$(inherited)",
				);
				GCC_WARN_64_TO_32_BIT_CONVERSION = YES;
				GCC_WARN_ABOUT_RETURN_TYPE = YES_ERROR;
				GCC_WARN_UNDECLARED_SELECTOR = YES;
				GCC_WARN_UNINITIALIZED_AUTOS = YES_AGGRESSIVE;
				GCC_WARN_UNUSED_FUNCTION = YES;
				GCC_WARN_UNUSED_VARIABLE = YES;
				IPHONEOS_DEPLOYMENT_TARGET = 14.0;
				MTL_ENABLE_DEBUG_INFO = INCLUDE_SOURCE;
				MTL_FAST_MATH = YES;
				ONLY_ACTIVE_ARCH = YES;
				SDKROOT = iphoneos;
				SWIFT_ACTIVE_COMPILATION_CONDITIONS = DEBUG;
				SWIFT_OPTIMIZATION_LEVEL = "-Onone";
			};
			name = Debug;
		};
		8C8FD5C9283B7D0400593A15 /* Release */ = {
			isa = XCBuildConfiguration;
			buildSettings = {
				ALWAYS_SEARCH_USER_PATHS = NO;
				CLANG_ANALYZER_NONNULL = YES;
				CLANG_ANALYZER_NUMBER_OBJECT_CONVERSION = YES_AGGRESSIVE;
				CLANG_CXX_LANGUAGE_STANDARD = "gnu++17";
				CLANG_CXX_LIBRARY = "libc++";
				CLANG_ENABLE_MODULES = YES;
				CLANG_ENABLE_OBJC_ARC = YES;
				CLANG_ENABLE_OBJC_WEAK = YES;
				CLANG_WARN_BLOCK_CAPTURE_AUTORELEASING = YES;
				CLANG_WARN_BOOL_CONVERSION = YES;
				CLANG_WARN_COMMA = YES;
				CLANG_WARN_CONSTANT_CONVERSION = YES;
				CLANG_WARN_DEPRECATED_OBJC_IMPLEMENTATIONS = YES;
				CLANG_WARN_DIRECT_OBJC_ISA_USAGE = YES_ERROR;
				CLANG_WARN_DOCUMENTATION_COMMENTS = YES;
				CLANG_WARN_EMPTY_BODY = YES;
				CLANG_WARN_ENUM_CONVERSION = YES;
				CLANG_WARN_INFINITE_RECURSION = YES;
				CLANG_WARN_INT_CONVERSION = YES;
				CLANG_WARN_NON_LITERAL_NULL_CONVERSION = YES;
				CLANG_WARN_OBJC_IMPLICIT_RETAIN_SELF = YES;
				CLANG_WARN_OBJC_LITERAL_CONVERSION = YES;
				CLANG_WARN_OBJC_ROOT_CLASS = YES_ERROR;
				CLANG_WARN_QUOTED_INCLUDE_IN_FRAMEWORK_HEADER = YES;
				CLANG_WARN_RANGE_LOOP_ANALYSIS = YES;
				CLANG_WARN_STRICT_PROTOTYPES = YES;
				CLANG_WARN_SUSPICIOUS_MOVE = YES;
				CLANG_WARN_UNGUARDED_AVAILABILITY = YES_AGGRESSIVE;
				CLANG_WARN_UNREACHABLE_CODE = YES;
				CLANG_WARN__DUPLICATE_METHOD_MATCH = YES;
				COPY_PHASE_STRIP = NO;
				DEBUG_INFORMATION_FORMAT = "dwarf-with-dsym";
				ENABLE_NS_ASSERTIONS = NO;
				ENABLE_STRICT_OBJC_MSGSEND = YES;
				GCC_C_LANGUAGE_STANDARD = gnu11;
				GCC_NO_COMMON_BLOCKS = YES;
				GCC_WARN_64_TO_32_BIT_CONVERSION = YES;
				GCC_WARN_ABOUT_RETURN_TYPE = YES_ERROR;
				GCC_WARN_UNDECLARED_SELECTOR = YES;
				GCC_WARN_UNINITIALIZED_AUTOS = YES_AGGRESSIVE;
				GCC_WARN_UNUSED_FUNCTION = YES;
				GCC_WARN_UNUSED_VARIABLE = YES;
				IPHONEOS_DEPLOYMENT_TARGET = 14.0;
				MTL_ENABLE_DEBUG_INFO = NO;
				MTL_FAST_MATH = YES;
				SDKROOT = iphoneos;
				SWIFT_COMPILATION_MODE = wholemodule;
				SWIFT_OPTIMIZATION_LEVEL = "-O";
				VALIDATE_PRODUCT = YES;
			};
			name = Release;
		};
		8C8FD5CB283B7D0400593A15 /* Debug */ = {
			isa = XCBuildConfiguration;
			baseConfigurationReference = E480C2510308678615311B01 /* Pods-flutterTestApp.debug.xcconfig */;
			buildSettings = {
				ARCHS = "$(ARCHS_STANDARD)";
				ASSETCATALOG_COMPILER_APPICON_NAME = AppIcon;
				ASSETCATALOG_COMPILER_GLOBAL_ACCENT_COLOR_NAME = AccentColor;
				CODE_SIGN_STYLE = Automatic;
				CURRENT_PROJECT_VERSION = 1;
				DEVELOPMENT_TEAM = W2R873MT7Y;
				ENABLE_BITCODE = NO;
				EXCLUDED_ARCHS = armv7;
				GENERATE_INFOPLIST_FILE = YES;
				INFOPLIST_FILE = flutterTestApp/Info.plist;
				INFOPLIST_KEY_NSLocalNetworkUsageDescription = "需要访问本地网络权限";
				INFOPLIST_KEY_UIApplicationSupportsIndirectInputEvents = YES;
				INFOPLIST_KEY_UILaunchStoryboardName = LaunchScreen;
				INFOPLIST_KEY_UIMainStoryboardFile = Main;
				INFOPLIST_KEY_UISupportedInterfaceOrientations_iPad = "UIInterfaceOrientationPortrait UIInterfaceOrientationPortraitUpsideDown UIInterfaceOrientationLandscapeLeft UIInterfaceOrientationLandscapeRight";
				INFOPLIST_KEY_UISupportedInterfaceOrientations_iPhone = "UIInterfaceOrientationPortrait UIInterfaceOrientationLandscapeLeft UIInterfaceOrientationLandscapeRight";
				IPHONEOS_DEPLOYMENT_TARGET = 14.0;
				LD_RUNPATH_SEARCH_PATHS = (
					"$(inherited)",
					"@executable_path/Frameworks",
				);
				MARKETING_VERSION = 1.0;
				PRODUCT_BUNDLE_IDENTIFIER = hk.com.sfcar.app;
				PRODUCT_NAME = "$(TARGET_NAME)";
				SWIFT_EMIT_LOC_STRINGS = YES;
				SWIFT_VERSION = 5.0;
				TARGETED_DEVICE_FAMILY = "1,2";
			};
			name = Debug;
		};
		8C8FD5CC283B7D0400593A15 /* Release */ = {
			isa = XCBuildConfiguration;
			baseConfigurationReference = D1359A12F8B5829019126CA0 /* Pods-flutterTestApp.release.xcconfig */;
			buildSettings = {
				ARCHS = "$(ARCHS_STANDARD)";
				ASSETCATALOG_COMPILER_APPICON_NAME = AppIcon;
				ASSETCATALOG_COMPILER_GLOBAL_ACCENT_COLOR_NAME = AccentColor;
				CODE_SIGN_STYLE = Automatic;
				CURRENT_PROJECT_VERSION = 1;
				DEVELOPMENT_TEAM = W2R873MT7Y;
				ENABLE_BITCODE = NO;
				EXCLUDED_ARCHS = armv7;
				GENERATE_INFOPLIST_FILE = YES;
				INFOPLIST_FILE = flutterTestApp/Info.plist;
				INFOPLIST_KEY_NSLocalNetworkUsageDescription = "需要访问本地网络权限";
				INFOPLIST_KEY_UIApplicationSupportsIndirectInputEvents = YES;
				INFOPLIST_KEY_UILaunchStoryboardName = LaunchScreen;
				INFOPLIST_KEY_UIMainStoryboardFile = Main;
				INFOPLIST_KEY_UISupportedInterfaceOrientations_iPad = "UIInterfaceOrientationPortrait UIInterfaceOrientationPortraitUpsideDown UIInterfaceOrientationLandscapeLeft UIInterfaceOrientationLandscapeRight";
				INFOPLIST_KEY_UISupportedInterfaceOrientations_iPhone = "UIInterfaceOrientationPortrait UIInterfaceOrientationLandscapeLeft UIInterfaceOrientationLandscapeRight";
				IPHONEOS_DEPLOYMENT_TARGET = 14.0;
				LD_RUNPATH_SEARCH_PATHS = (
					"$(inherited)",
					"@executable_path/Frameworks",
				);
				MARKETING_VERSION = 1.0;
				PRODUCT_BUNDLE_IDENTIFIER = hk.com.sfcar.app;
				PRODUCT_NAME = "$(TARGET_NAME)";
				SWIFT_EMIT_LOC_STRINGS = YES;
				SWIFT_VERSION = 5.0;
				TARGETED_DEVICE_FAMILY = "1,2";
			};
			name = Release;
		};
/* End XCBuildConfiguration section */

/* Begin XCConfigurationList section */
		8C8FD5B1283B7D0000593A15 /* Build configuration list for PBXProject "flutterTestApp" */ = {
			isa = XCConfigurationList;
			buildConfigurations = (
				8C8FD5C8283B7D0400593A15 /* Debug */,
				8C8FD5C9283B7D0400593A15 /* Release */,
			);
			defaultConfigurationIsVisible = 0;
			defaultConfigurationName = Release;
		};
		8C8FD5CA283B7D0400593A15 /* Build configuration list for PBXNativeTarget "flutterTestApp" */ = {
			isa = XCConfigurationList;
			buildConfigurations = (
				8C8FD5CB283B7D0400593A15 /* Debug */,
				8C8FD5CC283B7D0400593A15 /* Release */,
			);
			defaultConfigurationIsVisible = 0;
			defaultConfigurationName = Release;
		};
/* End XCConfigurationList section */
	};
	rootObject = 8C8FD5AE283B7D0000593A15 /* Project object */;
}
